
Microsoft Visual Studio Solution File, Format Version 12.00
# Visual Studio Version 16
VisualStudioVersion = 25.0.1703.5
MinimumVisualStudioVersion = 10.0.40219.1
Project("{FAE04EC0-301F-11D3-BF4B-00C04F79EFBC}") = "exp1", "p-i-laba-1\exp1.csproj", "{9F3C7089-ADCA-44D5-8C0C-26059A3DC71B}"
EndProject
Project("{FAE04EC0-301F-11D3-BF4B-00C04F79EFBC}") = "exp2", "exp2\exp2.csproj", "{F14D0BDE-C8E3-45B1-905B-31FF5D75296A}"
EndProject
Project("{FAE04EC0-301F-11D3-BF4B-00C04F79EFBC}") = "exp3", "exp3\exp3.csproj", "{B04B868F-D77C-4E1A-A7A2-ABEB9A4B1CF1}"
EndProject
Global
	GlobalSection(SolutionConfigurationPlatforms) = preSolution
		Debug|Any CPU = Debug|Any CPU
		Release|Any CPU = Release|Any CPU
	EndGlobalSection
	GlobalSection(ProjectConfigurationPlatforms) = postSolution
		{9F3C7089-ADCA-44D5-8C0C-26059A3DC71B}.Debug|Any CPU.ActiveCfg = Debug|Any CPU
		{9F3C7089-ADCA-44D5-8C0C-26059A3DC71B}.Debug|Any CPU.Build.0 = Debug|Any CPU
		{9F3C7089-ADCA-44D5-8C0C-26059A3DC71B}.Release|Any CPU.ActiveCfg = Release|Any CPU
		{9F3C7089-ADCA-44D5-8C0C-26059A3DC71B}.Release|Any CPU.Build.0 = Release|Any CPU
		{F14D0BDE-C8E3-45B1-905B-31FF5D75296A}.Debug|Any CPU.ActiveCfg = Debug|Any CPU
		{F14D0BDE-C8E3-45B1-905B-31FF5D75296A}.Debug|Any CPU.Build.0 = Debug|Any CPU
		{F14D0BDE-C8E3-45B1-905B-31FF5D75296A}.Release|Any CPU.ActiveCfg = Release|Any CPU
		{F14D0BDE-C8E3-45B1-905B-31FF5D75296A}.Release|Any CPU.Build.0 = Release|Any CPU
		{B04B868F-D77C-4E1A-A7A2-ABEB9A4B1CF1}.Debug|Any CPU.ActiveCfg = Debug|Any CPU
		{B04B868F-D77C-4E1A-A7A2-ABEB9A4B1CF1}.Debug|Any CPU.Build.0 = Debug|Any CPU
		{B04B868F-D77C-4E1A-A7A2-ABEB9A4B1CF1}.Release|Any CPU.ActiveCfg = Release|Any CPU
		{B04B868F-D77C-4E1A-A7A2-ABEB9A4B1CF1}.Release|Any CPU.Build.0 = Release|Any CPU
	EndGlobalSection
	GlobalSection(SolutionProperties) = preSolution
		HideSolutionNode = FALSE
	EndGlobalSection
	GlobalSection(ExtensibilityGlobals) = postSolution
		SolutionGuid = {1E42070F-E8C3-4F6B-8651-37C8B258BDD8}
	EndGlobalSection
EndGlobal
